// !$*UTF8*$!
{
	archiveVersion = 1;
	classes = {
	};
	objectVersion = 54;
	objects = {

/* Begin PBXBuildFile section */
		970E9BD8275220F900E61032 /* AppDelegate.swift in Sources */ = {isa = PBXBuildFile; fileRef = 970E9BD7275220F900E61032 /* AppDelegate.swift */; };
		970E9BDA275220F900E61032 /* SceneDelegate.swift in Sources */ = {isa = PBXBuildFile; fileRef = 970E9BD9275220F900E61032 /* SceneDelegate.swift */; };
		970E9BE1275220F900E61032 /* Assets.xcassets in Resources */ = {isa = PBXBuildFile; fileRef = 970E9BE0275220F900E61032 /* Assets.xcassets */; };
		970E9BE4275220F900E61032 /* LaunchScreen.storyboard in Resources */ = {isa = PBXBuildFile; fileRef = 970E9BE2275220F900E61032 /* LaunchScreen.storyboard */; };
		E92CA346275A19C500B127B8 /* ScreenThreeViewController.swift in Sources */ = {isa = PBXBuildFile; fileRef = E92CA345275A19C500B127B8 /* ScreenThreeViewController.swift */; };
		E92CA34C275A1ABF00B127B8 /* ScreenThreeView.swift in Sources */ = {isa = PBXBuildFile; fileRef = E92CA34B275A1ABF00B127B8 /* ScreenThreeView.swift */; };
		E92CA34E275A1AD500B127B8 /* ScreenThreeModel.swift in Sources */ = {isa = PBXBuildFile; fileRef = E92CA34D275A1AD500B127B8 /* ScreenThreeModel.swift */; };
		E92CA350275A264700B127B8 /* DataThreeModel.swift in Sources */ = {isa = PBXBuildFile; fileRef = E92CA34F275A264700B127B8 /* DataThreeModel.swift */; };
/* End PBXBuildFile section */

/* Begin PBXFileReference section */
		970E9BD4275220F900E61032 /* PractikaArchitecture.app */ = {isa = PBXFileReference; explicitFileType = wrapper.application; includeInIndex = 0; path = PractikaArchitecture.app; sourceTree = BUILT_PRODUCTS_DIR; };
		970E9BD7275220F900E61032 /* AppDelegate.swift */ = {isa = PBXFileReference; lastKnownFileType = sourcecode.swift; path = AppDelegate.swift; sourceTree = "<group>"; };
		970E9BD9275220F900E61032 /* SceneDelegate.swift */ = {isa = PBXFileReference; lastKnownFileType = sourcecode.swift; path = SceneDelegate.swift; sourceTree = "<group>"; };
		970E9BE0275220F900E61032 /* Assets.xcassets */ = {isa = PBXFileReference; lastKnownFileType = folder.assetcatalog; path = Assets.xcassets; sourceTree = "<group>"; };
		970E9BE3275220F900E61032 /* Base */ = {isa = PBXFileReference; lastKnownFileType = file.storyboard; name = Base; path = Base.lproj/LaunchScreen.storyboard; sourceTree = "<group>"; };
		970E9BE5275220F900E61032 /* Info.plist */ = {isa = PBXFileReference; lastKnownFileType = text.plist.xml; path = Info.plist; sourceTree = "<group>"; };
		E92CA345275A19C500B127B8 /* ScreenThreeViewController.swift */ = {isa = PBXFileReference; lastKnownFileType = sourcecode.swift; path = ScreenThreeViewController.swift; sourceTree = "<group>"; };
		E92CA34B275A1ABF00B127B8 /* ScreenThreeView.swift */ = {isa = PBXFileReference; lastKnownFileType = sourcecode.swift; path = ScreenThreeView.swift; sourceTree = "<group>"; };
		E92CA34D275A1AD500B127B8 /* ScreenThreeModel.swift */ = {isa = PBXFileReference; lastKnownFileType = sourcecode.swift; path = ScreenThreeModel.swift; sourceTree = "<group>"; };
		E92CA34F275A264700B127B8 /* DataThreeModel.swift */ = {isa = PBXFileReference; lastKnownFileType = sourcecode.swift; path = DataThreeModel.swift; sourceTree = "<group>"; };
/* End PBXFileReference section */

/* Begin PBXFrameworksBuildPhase section */
		970E9BD1275220F900E61032 /* Frameworks */ = {
			isa = PBXFrameworksBuildPhase;
			buildActionMask = 2147483647;
			files = (
			);
			runOnlyForDeploymentPostprocessing = 0;
		};
/* End PBXFrameworksBuildPhase section */

/* Begin PBXGroup section */
		970E9BCB275220F900E61032 = {
			isa = PBXGroup;
			children = (
				970E9BD6275220F900E61032 /* PractikaArchitecture */,
				970E9BD5275220F900E61032 /* Products */,
			);
			sourceTree = "<group>";
		};
		970E9BD5275220F900E61032 /* Products */ = {
			isa = PBXGroup;
			children = (
				970E9BD4275220F900E61032 /* PractikaArchitecture.app */,
			);
			name = Products;
			sourceTree = "<group>";
		};
		970E9BD6275220F900E61032 /* PractikaArchitecture */ = {
			isa = PBXGroup;
			children = (
				E92CA349275A1A0600B127B8 /* Screen-3 */,
				970E9BEB2752213300E61032 /* Application */,
				970E9BEF2752231600E61032 /* Modules */,
				970E9BEC2752214200E61032 /* Resourses */,
			);
			path = PractikaArchitecture;
			sourceTree = "<group>";
		};
		970E9BEB2752213300E61032 /* Application */ = {
			isa = PBXGroup;
			children = (
				970E9BD7275220F900E61032 /* AppDelegate.swift */,
				970E9BD9275220F900E61032 /* SceneDelegate.swift */,
				970E9BE2275220F900E61032 /* LaunchScreen.storyboard */,
				970E9BE5275220F900E61032 /* Info.plist */,
			);
			path = Application;
			sourceTree = "<group>";
		};
		970E9BEC2752214200E61032 /* Resourses */ = {
			isa = PBXGroup;
			children = (
				970E9BE0275220F900E61032 /* Assets.xcassets */,
			);
			path = Resourses;
			sourceTree = "<group>";
		};
		970E9BEF2752231600E61032 /* Modules */ = {
			isa = PBXGroup;
			children = (
			);
			path = Modules;
			sourceTree = "<group>";
		};
		E92CA347275A19DE00B127B8 /* Controller */ = {
			isa = PBXGroup;
			children = (
				E92CA345275A19C500B127B8 /* ScreenThreeViewController.swift */,
			);
			path = Controller;
			sourceTree = "<group>";
		};
		E92CA348275A19F100B127B8 /* View */ = {
			isa = PBXGroup;
			children = (
				E92CA34B275A1ABF00B127B8 /* ScreenThreeView.swift */,
			);
			path = View;
			sourceTree = "<group>";
		};
		E92CA349275A1A0600B127B8 /* Screen-3 */ = {
			isa = PBXGroup;
			children = (
				E92CA34A275A1A2800B127B8 /* Model */,
				E92CA348275A19F100B127B8 /* View */,
				E92CA347275A19DE00B127B8 /* Controller */,
			);
			path = "Screen-3";
			sourceTree = "<group>";
		};
		E92CA34A275A1A2800B127B8 /* Model */ = {
			isa = PBXGroup;
			children = (
				E92CA34D275A1AD500B127B8 /* ScreenThreeModel.swift */,
				E92CA34F275A264700B127B8 /* DataThreeModel.swift */,
			);
			path = Model;
			sourceTree = "<group>";
		};
/* End PBXGroup section */

/* Begin PBXNativeTarget section */
		970E9BD3275220F900E61032 /* PractikaArchitecture */ = {
			isa = PBXNativeTarget;
			buildConfigurationList = 970E9BE8275220F900E61032 /* Build configuration list for PBXNativeTarget "PractikaArchitecture" */;
			buildPhases = (
				970E9BD0275220F900E61032 /* Sources */,
				970E9BD1275220F900E61032 /* Frameworks */,
				970E9BD2275220F900E61032 /* Resources */,
			);
			buildRules = (
			);
			dependencies = (
			);
			name = PractikaArchitecture;
			productName = PractikaArchitecture;
			productReference = 970E9BD4275220F900E61032 /* PractikaArchitecture.app */;
			productType = "com.apple.product-type.application";
		};
/* End PBXNativeTarget section */

/* Begin PBXProject section */
		970E9BCC275220F900E61032 /* Project object */ = {
			isa = PBXProject;
			attributes = {
				BuildIndependentTargetsInParallel = 1;
				LastSwiftUpdateCheck = 1310;
				LastUpgradeCheck = 1310;
				TargetAttributes = {
					970E9BD3275220F900E61032 = {
						CreatedOnToolsVersion = 13.1;
					};
				};
			};
			buildConfigurationList = 970E9BCF275220F900E61032 /* Build configuration list for PBXProject "PractikaArchitecture" */;
			compatibilityVersion = "Xcode 12.0";
			developmentRegion = en;
			hasScannedForEncodings = 0;
			knownRegions = (
				en,
				Base,
			);
			mainGroup = 970E9BCB275220F900E61032;
			productRefGroup = 970E9BD5275220F900E61032 /* Products */;
			projectDirPath = "";
			projectRoot = "";
			targets = (
				970E9BD3275220F900E61032 /* PractikaArchitecture */,
			);
		};
/* End PBXProject section */

/* Begin PBXResourcesBuildPhase section */
		970E9BD2275220F900E61032 /* Resources */ = {
			isa = PBXResourcesBuildPhase;
			buildActionMask = 2147483647;
			files = (
				970E9BE4275220F900E61032 /* LaunchScreen.storyboard in Resources */,
				970E9BE1275220F900E61032 /* Assets.xcassets in Resources */,
			);
			runOnlyForDeploymentPostprocessing = 0;
		};
/* End PBXResourcesBuildPhase section */

/* Begin PBXSourcesBuildPhase section */
		970E9BD0275220F900E61032 /* Sources */ = {
			isa = PBXSourcesBuildPhase;
			buildActionMask = 2147483647;
			files = (
				970E9BD8275220F900E61032 /* AppDelegate.swift in Sources */,
				E92CA350275A264700B127B8 /* DataThreeModel.swift in Sources */,
				E92CA346275A19C500B127B8 /* ScreenThreeViewController.swift in Sources */,
				970E9BDA275220F900E61032 /* SceneDelegate.swift in Sources */,
				E92CA34C275A1ABF00B127B8 /* ScreenThreeView.swift in Sources */,
				E92CA34E275A1AD500B127B8 /* ScreenThreeModel.swift in Sources */,
			);
			runOnlyForDeploymentPostprocessing = 0;
		};
/* End PBXSourcesBuildPhase section */

/* Begin PBXVariantGroup section */
		970E9BE2275220F900E61032 /* LaunchScreen.storyboard */ = {
			isa = PBXVariantGroup;
			children = (
				970E9BE3275220F900E61032 /* Base */,
			);
			name = LaunchScreen.storyboard;
			sourceTree = "<group>";
		};
/* End PBXVariantGroup section */

/* Begin XCBuildConfiguration section */
		970E9BE6275220F900E61032 /* Debug */ = {
			isa = XCBuildConfiguration;
			buildSettings = {
				ALWAYS_SEARCH_USER_PATHS = NO;
				CLANG_ANALYZER_NONNULL = YES;
				CLANG_ANALYZER_NUMBER_OBJECT_CONVERSION = YES_AGGRESSIVE;
				CLANG_CXX_LANGUAGE_STANDARD = "gnu++17";
				CLANG_CXX_LIBRARY = "libc++";
				CLANG_ENABLE_MODULES = YES;
				CLANG_ENABLE_OBJC_ARC = YES;
				CLANG_ENABLE_OBJC_WEAK = YES;
				CLANG_WARN_BLOCK_CAPTURE_AUTORELEASING = YES;
				CLANG_WARN_BOOL_CONVERSION = YES;
				CLANG_WARN_COMMA = YES;
				CLANG_WARN_CONSTANT_CONVERSION = YES;
				CLANG_WARN_DEPRECATED_OBJC_IMPLEMENTATIONS = YES;
				CLANG_WARN_DIRECT_OBJC_ISA_USAGE = YES_ERROR;
				CLANG_WARN_DOCUMENTATION_COMMENTS = YES;
				CLANG_WARN_EMPTY_BODY = YES;
				CLANG_WARN_ENUM_CONVERSION = YES;
				CLANG_WARN_INFINITE_RECURSION = YES;
				CLANG_WARN_INT_CONVERSION = YES;
				CLANG_WARN_NON_LITERAL_NULL_CONVERSION = YES;
				CLANG_WARN_OBJC_IMPLICIT_RETAIN_SELF = YES;
				CLANG_WARN_OBJC_LITERAL_CONVERSION = YES;
				CLANG_WARN_OBJC_ROOT_CLASS = YES_ERROR;
				CLANG_WARN_QUOTED_INCLUDE_IN_FRAMEWORK_HEADER = YES;
				CLANG_WARN_RANGE_LOOP_ANALYSIS = YES;
				CLANG_WARN_STRICT_PROTOTYPES = YES;
				CLANG_WARN_SUSPICIOUS_MOVE = YES;
				CLANG_WARN_UNGUARDED_AVAILABILITY = YES_AGGRESSIVE;
				CLANG_WARN_UNREACHABLE_CODE = YES;
				CLANG_WARN__DUPLICATE_METHOD_MATCH = YES;
				COPY_PHASE_STRIP = NO;
				DEBUG_INFORMATION_FORMAT = dwarf;
				ENABLE_STRICT_OBJC_MSGSEND = YES;
				ENABLE_TESTABILITY = YES;
				GCC_C_LANGUAGE_STANDARD = gnu11;
				GCC_DYNAMIC_NO_PIC = NO;
				GCC_NO_COMMON_BLOCKS = YES;
				GCC_OPTIMIZATION_LEVEL = 0;
				GCC_PREPROCESSOR_DEFINITIONS = (
					"DEBUG=1",
					"$(inherited)",
				);
				GCC_WARN_64_TO_32_BIT_CONVERSION = YES;
				GCC_WARN_ABOUT_RETURN_TYPE = YES_ERROR;
				GCC_WARN_UNDECLARED_SELECTOR = YES;
				GCC_WARN_UNINITIALIZED_AUTOS = YES_AGGRESSIVE;
				GCC_WARN_UNUSED_FUNCTION = YES;
				GCC_WARN_UNUSED_VARIABLE = YES;
				IPHONEOS_DEPLOYMENT_TARGET = 14.0;
				MTL_ENABLE_DEBUG_INFO = INCLUDE_SOURCE;
				MTL_FAST_MATH = YES;
				ONLY_ACTIVE_ARCH = YES;
				SDKROOT = iphoneos;
				SWIFT_ACTIVE_COMPILATION_CONDITIONS = DEBUG;
				SWIFT_OPTIMIZATION_LEVEL = "-Onone";
			};
			name = Debug;
		};
		970E9BE7275220F900E61032 /* Release */ = {
			isa = XCBuildConfiguration;
			buildSettings = {
				ALWAYS_SEARCH_USER_PATHS = NO;
				CLANG_ANALYZER_NONNULL = YES;
				CLANG_ANALYZER_NUMBER_OBJECT_CONVERSION = YES_AGGRESSIVE;
				CLANG_CXX_LANGUAGE_STANDARD = "gnu++17";
				CLANG_CXX_LIBRARY = "libc++";
				CLANG_ENABLE_MODULES = YES;
				CLANG_ENABLE_OBJC_ARC = YES;
				CLANG_ENABLE_OBJC_WEAK = YES;
				CLANG_WARN_BLOCK_CAPTURE_AUTORELEASING = YES;
				CLANG_WARN_BOOL_CONVERSION = YES;
				CLANG_WARN_COMMA = YES;
				CLANG_WARN_CONSTANT_CONVERSION = YES;
				CLANG_WARN_DEPRECATED_OBJC_IMPLEMENTATIONS = YES;
				CLANG_WARN_DIRECT_OBJC_ISA_USAGE = YES_ERROR;
				CLANG_WARN_DOCUMENTATION_COMMENTS = YES;
				CLANG_WARN_EMPTY_BODY = YES;
				CLANG_WARN_ENUM_CONVERSION = YES;
				CLANG_WARN_INFINITE_RECURSION = YES;
				CLANG_WARN_INT_CONVERSION = YES;
				CLANG_WARN_NON_LITERAL_NULL_CONVERSION = YES;
				CLANG_WARN_OBJC_IMPLICIT_RETAIN_SELF = YES;
				CLANG_WARN_OBJC_LITERAL_CONVERSION = YES;
				CLANG_WARN_OBJC_ROOT_CLASS = YES_ERROR;
				CLANG_WARN_QUOTED_INCLUDE_IN_FRAMEWORK_HEADER = YES;
				CLANG_WARN_RANGE_LOOP_ANALYSIS = YES;
				CLANG_WARN_STRICT_PROTOTYPES = YES;
				CLANG_WARN_SUSPICIOUS_MOVE = YES;
				CLANG_WARN_UNGUARDED_AVAILABILITY = YES_AGGRESSIVE;
				CLANG_WARN_UNREACHABLE_CODE = YES;
				CLANG_WARN__DUPLICATE_METHOD_MATCH = YES;
				COPY_PHASE_STRIP = NO;
				DEBUG_INFORMATION_FORMAT = "dwarf-with-dsym";
				ENABLE_NS_ASSERTIONS = NO;
				ENABLE_STRICT_OBJC_MSGSEND = YES;
				GCC_C_LANGUAGE_STANDARD = gnu11;
				GCC_NO_COMMON_BLOCKS = YES;
				GCC_WARN_64_TO_32_BIT_CONVERSION = YES;
				GCC_WARN_ABOUT_RETURN_TYPE = YES_ERROR;
				GCC_WARN_UNDECLARED_SELECTOR = YES;
				GCC_WARN_UNINITIALIZED_AUTOS = YES_AGGRESSIVE;
				GCC_WARN_UNUSED_FUNCTION = YES;
				GCC_WARN_UNUSED_VARIABLE = YES;
				IPHONEOS_DEPLOYMENT_TARGET = 14.0;
				MTL_ENABLE_DEBUG_INFO = NO;
				MTL_FAST_MATH = YES;
				SDKROOT = iphoneos;
				SWIFT_COMPILATION_MODE = wholemodule;
				SWIFT_OPTIMIZATION_LEVEL = "-O";
				VALIDATE_PRODUCT = YES;
			};
			name = Release;
		};
		970E9BE9275220F900E61032 /* Debug */ = {
			isa = XCBuildConfiguration;
			buildSettings = {
				ASSETCATALOG_COMPILER_APPICON_NAME = AppIcon;
				ASSETCATALOG_COMPILER_GLOBAL_ACCENT_COLOR_NAME = AccentColor;
				CODE_SIGN_STYLE = Automatic;
				CURRENT_PROJECT_VERSION = 1;
				DEVELOPMENT_TEAM = CM9MMHDPYX;
				GENERATE_INFOPLIST_FILE = YES;
				INFOPLIST_FILE = PractikaArchitecture/Application/Info.plist;
				INFOPLIST_KEY_UIApplicationSupportsIndirectInputEvents = YES;
				INFOPLIST_KEY_UILaunchStoryboardName = LaunchScreen;
				INFOPLIST_KEY_UISupportedInterfaceOrientations_iPad = "UIInterfaceOrientationPortrait UIInterfaceOrientationPortraitUpsideDown UIInterfaceOrientationLandscapeLeft UIInterfaceOrientationLandscapeRight";
				INFOPLIST_KEY_UISupportedInterfaceOrientations_iPhone = "UIInterfaceOrientationPortrait UIInterfaceOrientationLandscapeLeft UIInterfaceOrientationLandscapeRight";
				IPHONEOS_DEPLOYMENT_TARGET = 14.0;
				LD_RUNPATH_SEARCH_PATHS = (
					"$(inherited)",
					"@executable_path/Frameworks",
				);
				MARKETING_VERSION = 1.0;
				PRODUCT_BUNDLE_IDENTIFIER = frayko.PractikaArchitecture;
				PRODUCT_NAME = "$(TARGET_NAME)";
				SWIFT_EMIT_LOC_STRINGS = YES;
				SWIFT_VERSION = 5.0;
				TARGETED_DEVICE_FAMILY = "1,2";
			};
			name = Debug;
		};
		970E9BEA275220F900E61032 /* Release */ = {
			isa = XCBuildConfiguration;
			buildSettings = {
				ASSETCATALOG_COMPILER_APPICON_NAME = AppIcon;
				ASSETCATALOG_COMPILER_GLOBAL_ACCENT_COLOR_NAME = AccentColor;
				CODE_SIGN_STYLE = Automatic;
				CURRENT_PROJECT_VERSION = 1;
				DEVELOPMENT_TEAM = CM9MMHDPYX;
				GENERATE_INFOPLIST_FILE = YES;
				INFOPLIST_FILE = PractikaArchitecture/Application/Info.plist;
				INFOPLIST_KEY_UIApplicationSupportsIndirectInputEvents = YES;
				INFOPLIST_KEY_UILaunchStoryboardName = LaunchScreen;
				INFOPLIST_KEY_UISupportedInterfaceOrientations_iPad = "UIInterfaceOrientationPortrait UIInterfaceOrientationPortraitUpsideDown UIInterfaceOrientationLandscapeLeft UIInterfaceOrientationLandscapeRight";
				INFOPLIST_KEY_UISupportedInterfaceOrientations_iPhone = "UIInterfaceOrientationPortrait UIInterfaceOrientationLandscapeLeft UIInterfaceOrientationLandscapeRight";
				IPHONEOS_DEPLOYMENT_TARGET = 14.0;
				LD_RUNPATH_SEARCH_PATHS = (
					"$(inherited)",
					"@executable_path/Frameworks",
				);
				MARKETING_VERSION = 1.0;
				PRODUCT_BUNDLE_IDENTIFIER = frayko.PractikaArchitecture;
				PRODUCT_NAME = "$(TARGET_NAME)";
				SWIFT_EMIT_LOC_STRINGS = YES;
				SWIFT_VERSION = 5.0;
				TARGETED_DEVICE_FAMILY = "1,2";
			};
			name = Release;
		};
/* End XCBuildConfiguration section */

/* Begin XCConfigurationList section */
		970E9BCF275220F900E61032 /* Build configuration list for PBXProject "PractikaArchitecture" */ = {
			isa = XCConfigurationList;
			buildConfigurations = (
				970E9BE6275220F900E61032 /* Debug */,
				970E9BE7275220F900E61032 /* Release */,
			);
			defaultConfigurationIsVisible = 0;
			defaultConfigurationName = Release;
		};
		970E9BE8275220F900E61032 /* Build configuration list for PBXNativeTarget "PractikaArchitecture" */ = {
			isa = XCConfigurationList;
			buildConfigurations = (
				970E9BE9275220F900E61032 /* Debug */,
				970E9BEA275220F900E61032 /* Release */,
			);
			defaultConfigurationIsVisible = 0;
			defaultConfigurationName = Release;
		};
/* End XCConfigurationList section */
	};
	rootObject = 970E9BCC275220F900E61032 /* Project object */;
}
